
Microsoft Visual Studio Solution File, Format Version 12.00
# Visual Studio Version 16
VisualStudioVersion = 16.0.30523.141
MinimumVisualStudioVersion = 10.0.40219.1
Project("{FAE04EC0-301F-11D3-BF4B-00C04F79EFBC}") = "Project", "Project\Project.csproj", "{FBE2CE12-A5DD-4555-8C95-60FC2E15BC41}"
EndProject
Global
	GlobalSection(SolutionConfigurationPlatforms) = preSolution
		Debug|Any CPU = Debug|Any CPU
		Release|Any CPU = Release|Any CPU
	EndGlobalSection
	GlobalSection(ProjectConfigurationPlatforms) = postSolution
		{FBE2CE12-A5DD-4555-8C95-60FC2E15BC41}.Debug|Any CPU.ActiveCfg = Debug|Any CPU
		{FBE2CE12-A5DD-4555-8C95-60FC2E15BC41}.Debug|Any CPU.Build.0 = Debug|Any CPU
		{FBE2CE12-A5DD-4555-8C95-60FC2E15BC41}.Release|Any CPU.ActiveCfg = Release|Any CPU
		{FBE2CE12-A5DD-4555-8C95-60FC2E15BC41}.Release|Any CPU.Build.0 = Release|Any CPU
	EndGlobalSection
	GlobalSection(SolutionProperties) = preSolution
		HideSolutionNode = FALSE
	EndGlobalSection
	GlobalSection(ExtensibilityGlobals) = postSolution
		SolutionGuid = {E237480A-2A24-4F35-9C5D-0D26076AA763}
	EndGlobalSection
EndGlobal
